
Microsoft Visual Studio Solution File, Format Version 12.00
# Visual Studio Version 17
VisualStudioVersion = 17.4.33122.133
MinimumVisualStudioVersion = 10.0.40219.1
Project("{FAE04EC0-301F-11D3-BF4B-00C04F79EFBC}") = "CalculatorProject", "CalculatorProject\CalculatorProject.csproj", "{A84D24DA-8B17-409E-89A7-0562E73ECDF5}"
EndProject
Global
	GlobalSection(SolutionConfigurationPlatforms) = preSolution
		Debug|Any CPU = Debug|Any CPU
		Release|Any CPU = Release|Any CPU
	EndGlobalSection
	GlobalSection(ProjectConfigurationPlatforms) = postSolution
		{A84D24DA-8B17-409E-89A7-0562E73ECDF5}.Debug|Any CPU.ActiveCfg = Debug|Any CPU
		{A84D24DA-8B17-409E-89A7-0562E73ECDF5}.Debug|Any CPU.Build.0 = Debug|Any CPU
		{A84D24DA-8B17-409E-89A7-0562E73ECDF5}.Release|Any CPU.ActiveCfg = Release|Any CPU
		{A84D24DA-8B17-409E-89A7-0562E73ECDF5}.Release|Any CPU.Build.0 = Release|Any CPU
	EndGlobalSection
	GlobalSection(SolutionProperties) = preSolution
		HideSolutionNode = FALSE
	EndGlobalSection
	GlobalSection(ExtensibilityGlobals) = postSolution
		SolutionGuid = {A90FAC7E-D3CF-4729-B102-7C57D345BED4}
	EndGlobalSection
EndGlobal
